// !$*UTF8*$!
{
	archiveVersion = 1;
	classes = {
	};
	objectVersion = 77;
	objects = {

/* Begin PBXBuildFile section */
		3C03F8BD1E7C6A71F63B5FE6 /* ForgeView.swift in Sources */ = {isa = PBXBuildFile; fileRef = 83EBC46E5D8EB34FC7A96274 /* ForgeView.swift */; };
		4D45FF535918419CA18B8F60 /* Assets.xcassets in Resources */ = {isa = PBXBuildFile; fileRef = F67F1CD738E281E4C0DDCD4A /* Assets.xcassets */; };
		4E786E6797643451ACBBED7A /* app in Resources */ = {isa = PBXBuildFile; fileRef = D075B3B8F56356D91818F0D3 /* app */; };
		646F1B87846F1D20A25DB5FE /* Speech.swift in Sources */ = {isa = PBXBuildFile; fileRef = D0968FBE803E6BAA874CABFE /* Speech.swift */; };
		A3991A83508E1049C0DEFA01 /* Vault.swift in Sources */ = {isa = PBXBuildFile; fileRef = A34B19FB118A4FF9EB60761A /* Vault.swift */; };
		C5C168A8D3E28D78ABE348F2 /* ForjaApp.swift in Sources */ = {isa = PBXBuildFile; fileRef = E08EEF19711F14B1AF120165 /* ForjaApp.swift */; };
/* End PBXBuildFile section */

/* Begin PBXFileReference section */
		7AC11B8C6F50344D780A4347 /* Forja.app */ = {isa = PBXFileReference; includeInIndex = 0; lastKnownFileType = wrapper.application; path = Forja.app; sourceTree = BUILT_PRODUCTS_DIR; };
		83EBC46E5D8EB34FC7A96274 /* ForgeView.swift */ = {isa = PBXFileReference; lastKnownFileType = sourcecode.swift; path = ForgeView.swift; sourceTree = "<group>"; };
		A34B19FB118A4FF9EB60761A /* Vault.swift */ = {isa = PBXFileReference; lastKnownFileType = sourcecode.swift; path = Vault.swift; sourceTree = "<group>"; };
		D075B3B8F56356D91818F0D3 /* app */ = {isa = PBXFileReference; lastKnownFileType = folder; name = app; path = Resources/app; sourceTree = SOURCE_ROOT; };
		D0968FBE803E6BAA874CABFE /* Speech.swift */ = {isa = PBXFileReference; lastKnownFileType = sourcecode.swift; path = Speech.swift; sourceTree = "<group>"; };
		E08EEF19711F14B1AF120165 /* ForjaApp.swift */ = {isa = PBXFileReference; lastKnownFileType = sourcecode.swift; path = ForjaApp.swift; sourceTree = "<group>"; };
		F67F1CD738E281E4C0DDCD4A /* Assets.xcassets */ = {isa = PBXFileReference; lastKnownFileType = folder.assetcatalog; path = Assets.xcassets; sourceTree = "<group>"; };
/* End PBXFileReference section */

/* Begin PBXGroup section */
		819A62B161AECE6AEA21195B /* Resources */ = {
			isa = PBXGroup;
			children = (
				D075B3B8F56356D91818F0D3 /* app */,
			);
			path = Resources;
			sourceTree = "<group>";
		};
		C22943365F366506E382809D /* Products */ = {
			isa = PBXGroup;
			children = (
				7AC11B8C6F50344D780A4347 /* Forja.app */,
			);
			name = Products;
			sourceTree = "<group>";
		};
		D1A8804CEE421E1E3DE689D9 = {
			isa = PBXGroup;
			children = (
				F67F1CD738E281E4C0DDCD4A /* Assets.xcassets */,
				83EBC46E5D8EB34FC7A96274 /* ForgeView.swift */,
				E08EEF19711F14B1AF120165 /* ForjaApp.swift */,
				D0968FBE803E6BAA874CABFE /* Speech.swift */,
				A34B19FB118A4FF9EB60761A /* Vault.swift */,
				819A62B161AECE6AEA21195B /* Resources */,
				C22943365F366506E382809D /* Products */,
			);
			sourceTree = "<group>";
		};
/* End PBXGroup section */

/* Begin PBXNativeTarget section */
		23A828B52D18D1B9FD24EEA9 /* Forja */ = {
			isa = PBXNativeTarget;
			buildConfigurationList = BAB3DB1BC8751595A0ECB5A1 /* Build configuration list for PBXNativeTarget "Forja" */;
			buildPhases = (
				AD1D60832554663B5C62E289 /* Sources */,
				3A22F2E343AF0938DE0ACEC5 /* Resources */,
			);
			buildRules = (
			);
			dependencies = (
			);
			name = Forja;
			packageProductDependencies = (
			);
			productName = Forja;
			productReference = 7AC11B8C6F50344D780A4347 /* Forja.app */;
			productType = "com.apple.product-type.application";
		};
/* End PBXNativeTarget section */

/* Begin PBXProject section */
		83E3A8E211B55758189D3DDA /* Project object */ = {
			isa = PBXProject;
			attributes = {
				BuildIndependentTargetsInParallel = YES;
				LastUpgradeCheck = 1430;
				TargetAttributes = {
					23A828B52D18D1B9FD24EEA9 = {
						DevelopmentTeam = 4A7M5GBF3L;
						ProvisioningStyle = Automatic;
					};
				};
			};
			buildConfigurationList = 143E91F710D5678B93A494A2 /* Build configuration list for PBXProject "Forja" */;
			developmentRegion = en;
			hasScannedForEncodings = 0;
			knownRegions = (
				Base,
				en,
			);
			mainGroup = D1A8804CEE421E1E3DE689D9;
			minimizedProjectReferenceProxies = 1;
			preferredProjectObjectVersion = 77;
			productRefGroup = C22943365F366506E382809D /* Products */;
			projectDirPath = "";
			projectRoot = "";
			targets = (
				23A828B52D18D1B9FD24EEA9 /* Forja */,
			);
		};
/* End PBXProject section */

/* Begin PBXResourcesBuildPhase section */
		3A22F2E343AF0938DE0ACEC5 /* Resources */ = {
			isa = PBXResourcesBuildPhase;
			buildActionMask = 2147483647;
			files = (
				4D45FF535918419CA18B8F60 /* Assets.xcassets in Resources */,
				4E786E6797643451ACBBED7A /* app in Resources */,
			);
			runOnlyForDeploymentPostprocessing = 0;
		};
/* End PBXResourcesBuildPhase section */

/* Begin PBXSourcesBuildPhase section */
		AD1D60832554663B5C62E289 /* Sources */ = {
			isa = PBXSourcesBuildPhase;
			buildActionMask = 2147483647;
			files = (
				3C03F8BD1E7C6A71F63B5FE6 /* ForgeView.swift in Sources */,
				C5C168A8D3E28D78ABE348F2 /* ForjaApp.swift in Sources */,
				646F1B87846F1D20A25DB5FE /* Speech.swift in Sources */,
				A3991A83508E1049C0DEFA01 /* Vault.swift in Sources */,
			);
			runOnlyForDeploymentPostprocessing = 0;
		};
/* End PBXSourcesBuildPhase section */

/* Begin XCBuildConfiguration section */
		313B20297EE8107CF0A75333 /* Release */ = {
			isa = XCBuildConfiguration;
			buildSettings = {
				ASSETCATALOG_COMPILER_APPICON_NAME = AppIcon;
				CODE_SIGN_ENTITLEMENTS = Forja.entitlements;
				CODE_SIGN_IDENTITY = "iPhone Developer";
				CODE_SIGN_STYLE = Automatic;
				CURRENT_PROJECT_VERSION = 1;
				DEVELOPMENT_TEAM = 4A7M5GBF3L;
				GENERATE_INFOPLIST_FILE = NO;
				INFOPLIST_FILE = Info.plist;
				LD_RUNPATH_SEARCH_PATHS = (
					"$(inherited)",
					"@executable_path/Frameworks",
				);
				MARKETING_VERSION = 1.0;
				PRODUCT_BUNDLE_IDENTIFIER = com.leandro.forja;
				SDKROOT = iphoneos;
				SWIFT_VERSION = 5.0;
				TARGETED_DEVICE_FAMILY = 1;
			};
			name = Release;
		};
		6D882D150A77472F01981549 /* Debug */ = {
			isa = XCBuildConfiguration;
			buildSettings = {
				ASSETCATALOG_COMPILER_APPICON_NAME = AppIcon;
				CODE_SIGN_ENTITLEMENTS = Forja.entitlements;
				CODE_SIGN_IDENTITY = "iPhone Developer";
				CODE_SIGN_STYLE = Automatic;
				CURRENT_PROJECT_VERSION = 1;
				DEVELOPMENT_TEAM = 4A7M5GBF3L;
				GENERATE_INFOPLIST_FILE = NO;
				INFOPLIST_FILE = Info.plist;
				LD_RUNPATH_SEARCH_PATHS = (
					"$(inherited)",
					"@executable_path/Frameworks",
				);
				MARKETING_VERSION = 1.0;
				PRODUCT_BUNDLE_IDENTIFIER = com.leandro.forja;
				SDKROOT = iphoneos;
				SWIFT_VERSION = 5.0;
				TARGETED_DEVICE_FAMILY = 1;
			};
			name = Debug;
		};
		7224D99FED358D6D2D073CB5 /* Debug */ = {
			isa = XCBuildConfiguration;
			buildSettings = {
				ALWAYS_SEARCH_USER_PATHS = NO;
				CLANG_ANALYZER_NONNULL = YES;
				CLANG_ANALYZER_NUMBER_OBJECT_CONVERSION = YES_AGGRESSIVE;
				CLANG_CXX_LANGUAGE_STANDARD = "gnu++14";
				CLANG_CXX_LIBRARY = "libc++";
				CLANG_ENABLE_MODULES = YES;
				CLANG_ENABLE_OBJC_ARC = YES;
				CLANG_ENABLE_OBJC_WEAK = YES;
				CLANG_WARN_BLOCK_CAPTURE_AUTORELEASING = YES;
				CLANG_WARN_BOOL_CONVERSION = YES;
				CLANG_WARN_COMMA = YES;
				CLANG_WARN_CONSTANT_CONVERSION = YES;
				CLANG_WARN_DEPRECATED_OBJC_IMPLEMENTATIONS = YES;
				CLANG_WARN_DIRECT_OBJC_ISA_USAGE = YES_ERROR;
				CLANG_WARN_DOCUMENTATION_COMMENTS = YES;
				CLANG_WARN_EMPTY_BODY = YES;
				CLANG_WARN_ENUM_CONVERSION = YES;
				CLANG_WARN_INFINITE_RECURSION = YES;
				CLANG_WARN_INT_CONVERSION = YES;
				CLANG_WARN_NON_LITERAL_NULL_CONVERSION = YES;
				CLANG_WARN_OBJC_IMPLICIT_RETAIN_SELF = YES;
				CLANG_WARN_OBJC_LITERAL_CONVERSION = YES;
				CLANG_WARN_OBJC_ROOT_CLASS = YES_ERROR;
				CLANG_WARN_QUOTED_INCLUDE_IN_FRAMEWORK_HEADER = YES;
				CLANG_WARN_RANGE_LOOP_ANALYSIS = YES;
				CLANG_WARN_STRICT_PROTOTYPES = YES;
				CLANG_WARN_SUSPICIOUS_MOVE = YES;
				CLANG_WARN_UNGUARDED_AVAILABILITY = YES_AGGRESSIVE;
				CLANG_WARN_UNREACHABLE_CODE = YES;
				CLANG_WARN__DUPLICATE_METHOD_MATCH = YES;
				COPY_PHASE_STRIP = NO;
				DEBUG_INFORMATION_FORMAT = dwarf;
				ENABLE_STRICT_OBJC_MSGSEND = YES;
				ENABLE_TESTABILITY = YES;
				GCC_C_LANGUAGE_STANDARD = gnu11;
				GCC_DYNAMIC_NO_PIC = NO;
				GCC_NO_COMMON_BLOCKS = YES;
				GCC_OPTIMIZATION_LEVEL = 0;
				GCC_PREPROCESSOR_DEFINITIONS = (
					"$(inherited)",
					"DEBUG=1",
				);
				GCC_WARN_64_TO_32_BIT_CONVERSION = YES;
				GCC_WARN_ABOUT_RETURN_TYPE = YES_ERROR;
				GCC_WARN_UNDECLARED_SELECTOR = YES;
				GCC_WARN_UNINITIALIZED_AUTOS = YES_AGGRESSIVE;
				GCC_WARN_UNUSED_FUNCTION = YES;
				GCC_WARN_UNUSED_VARIABLE = YES;
				IPHONEOS_DEPLOYMENT_TARGET = 17.0;
				MTL_ENABLE_DEBUG_INFO = INCLUDE_SOURCE;
				MTL_FAST_MATH = YES;
				ONLY_ACTIVE_ARCH = YES;
				PRODUCT_NAME = "$(TARGET_NAME)";
				SDKROOT = iphoneos;
				SWIFT_ACTIVE_COMPILATION_CONDITIONS = DEBUG;
				SWIFT_OPTIMIZATION_LEVEL = "-Onone";
				SWIFT_VERSION = 5.0;
			};
			name = Debug;
		};
		AA85013E46F1D9CBDED84219 /* Release */ = {
			isa = XCBuildConfiguration;
			buildSettings = {
				ALWAYS_SEARCH_USER_PATHS = NO;
				CLANG_ANALYZER_NONNULL = YES;
				CLANG_ANALYZER_NUMBER_OBJECT_CONVERSION = YES_AGGRESSIVE;
				CLANG_CXX_LANGUAGE_STANDARD = "gnu++14";
				CLANG_CXX_LIBRARY = "libc++";
				CLANG_ENABLE_MODULES = YES;
				CLANG_ENABLE_OBJC_ARC = YES;
				CLANG_ENABLE_OBJC_WEAK = YES;
				CLANG_WARN_BLOCK_CAPTURE_AUTORELEASING = YES;
				CLANG_WARN_BOOL_CONVERSION = YES;
				CLANG_WARN_COMMA = YES;
				CLANG_WARN_CONSTANT_CONVERSION = YES;
				CLANG_WARN_DEPRECATED_OBJC_IMPLEMENTATIONS = YES;
				CLANG_WARN_DIRECT_OBJC_ISA_USAGE = YES_ERROR;
				CLANG_WARN_DOCUMENTATION_COMMENTS = YES;
				CLANG_WARN_EMPTY_BODY = YES;
				CLANG_WARN_ENUM_CONVERSION = YES;
				CLANG_WARN_INFINITE_RECURSION = YES;
				CLANG_WARN_INT_CONVERSION = YES;
				CLANG_WARN_NON_LITERAL_NULL_CONVERSION = YES;
				CLANG_WARN_OBJC_IMPLICIT_RETAIN_SELF = YES;
				CLANG_WARN_OBJC_LITERAL_CONVERSION = YES;
				CLANG_WARN_OBJC_ROOT_CLASS = YES_ERROR;
				CLANG_WARN_QUOTED_INCLUDE_IN_FRAMEWORK_HEADER = YES;
				CLANG_WARN_RANGE_LOOP_ANALYSIS = YES;
				CLANG_WARN_STRICT_PROTOTYPES = YES;
				CLANG_WARN_SUSPICIOUS_MOVE = YES;
				CLANG_WARN_UNGUARDED_AVAILABILITY = YES_AGGRESSIVE;
				CLANG_WARN_UNREACHABLE_CODE = YES;
				CLANG_WARN__DUPLICATE_METHOD_MATCH = YES;
				COPY_PHASE_STRIP = NO;
				DEBUG_INFORMATION_FORMAT = "dwarf-with-dsym";
				ENABLE_NS_ASSERTIONS = NO;
				ENABLE_STRICT_OBJC_MSGSEND = YES;
				GCC_C_LANGUAGE_STANDARD = gnu11;
				GCC_NO_COMMON_BLOCKS = YES;
				GCC_WARN_64_TO_32_BIT_CONVERSION = YES;
				GCC_WARN_ABOUT_RETURN_TYPE = YES_ERROR;
				GCC_WARN_UNDECLARED_SELECTOR = YES;
				GCC_WARN_UNINITIALIZED_AUTOS = YES_AGGRESSIVE;
				GCC_WARN_UNUSED_FUNCTION = YES;
				GCC_WARN_UNUSED_VARIABLE = YES;
				IPHONEOS_DEPLOYMENT_TARGET = 17.0;
				MTL_ENABLE_DEBUG_INFO = NO;
				MTL_FAST_MATH = YES;
				PRODUCT_NAME = "$(TARGET_NAME)";
				SDKROOT = iphoneos;
				SWIFT_COMPILATION_MODE = wholemodule;
				SWIFT_OPTIMIZATION_LEVEL = "-O";
				SWIFT_VERSION = 5.0;
			};
			name = Release;
		};
/* End XCBuildConfiguration section */

/* Begin XCConfigurationList section */
		143E91F710D5678B93A494A2 /* Build configuration list for PBXProject "Forja" */ = {
			isa = XCConfigurationList;
			buildConfigurations = (
				7224D99FED358D6D2D073CB5 /* Debug */,
				AA85013E46F1D9CBDED84219 /* Release */,
			);
			defaultConfigurationIsVisible = 0;
			defaultConfigurationName = Debug;
		};
		BAB3DB1BC8751595A0ECB5A1 /* Build configuration list for PBXNativeTarget "Forja" */ = {
			isa = XCConfigurationList;
			buildConfigurations = (
				6D882D150A77472F01981549 /* Debug */,
				313B20297EE8107CF0A75333 /* Release */,
			);
			defaultConfigurationIsVisible = 0;
			defaultConfigurationName = Debug;
		};
/* End XCConfigurationList section */
	};
	rootObject = 83E3A8E211B55758189D3DDA /* Project object */;
}
